
Microsoft Visual Studio Solution File, Format Version 12.00
# Visual Studio Version 17
VisualStudioVersion = 17.14.36811.4 d17.14
MinimumVisualStudioVersion = 10.0.40219.1
Project("{FAE04EC0-301F-11D3-BF4B-00C04F79EFBC}") = "ClassTask1", "ClassTask1\ClassTask1.csproj", "{6BF30D77-94B4-4889-896A-1F602D0AD4ED}"
EndProject
Global
	GlobalSection(SolutionConfigurationPlatforms) = preSolution
		Debug|Any CPU = Debug|Any CPU
		Release|Any CPU = Release|Any CPU
	EndGlobalSection
	GlobalSection(ProjectConfigurationPlatforms) = postSolution
		{6BF30D77-94B4-4889-896A-1F602D0AD4ED}.Debug|Any CPU.ActiveCfg = Debug|Any CPU
		{6BF30D77-94B4-4889-896A-1F602D0AD4ED}.Debug|Any CPU.Build.0 = Debug|Any CPU
		{6BF30D77-94B4-4889-896A-1F602D0AD4ED}.Release|Any CPU.ActiveCfg = Release|Any CPU
		{6BF30D77-94B4-4889-896A-1F602D0AD4ED}.Release|Any CPU.Build.0 = Release|Any CPU
	EndGlobalSection
	GlobalSection(SolutionProperties) = preSolution
		HideSolutionNode = FALSE
	EndGlobalSection
	GlobalSection(ExtensibilityGlobals) = postSolution
		SolutionGuid = {5BD844A4-0F83-451E-900C-20E2B86D44DD}
	EndGlobalSection
EndGlobal
