
Microsoft Visual Studio Solution File, Format Version 12.00
# Visual Studio Version 17
VisualStudioVersion = 17.14.36616.10 d17.14
MinimumVisualStudioVersion = 10.0.40219.1
Project("{FAE04EC0-301F-11D3-BF4B-00C04F79EFBC}") = "ClassTask3", "ClassTask3\ClassTask3.csproj", "{59B44710-1C4E-4DD7-997F-64CFEF8DA1EB}"
EndProject
Global
	GlobalSection(SolutionConfigurationPlatforms) = preSolution
		Debug|Any CPU = Debug|Any CPU
		Release|Any CPU = Release|Any CPU
	EndGlobalSection
	GlobalSection(ProjectConfigurationPlatforms) = postSolution
		{59B44710-1C4E-4DD7-997F-64CFEF8DA1EB}.Debug|Any CPU.ActiveCfg = Debug|Any CPU
		{59B44710-1C4E-4DD7-997F-64CFEF8DA1EB}.Debug|Any CPU.Build.0 = Debug|Any CPU
		{59B44710-1C4E-4DD7-997F-64CFEF8DA1EB}.Release|Any CPU.ActiveCfg = Release|Any CPU
		{59B44710-1C4E-4DD7-997F-64CFEF8DA1EB}.Release|Any CPU.Build.0 = Release|Any CPU
	EndGlobalSection
	GlobalSection(SolutionProperties) = preSolution
		HideSolutionNode = FALSE
	EndGlobalSection
	GlobalSection(ExtensibilityGlobals) = postSolution
		SolutionGuid = {0EEF8540-6693-427E-8D97-772608199400}
	EndGlobalSection
EndGlobal
